
Microsoft Visual Studio Solution File, Format Version 12.00
# Visual Studio Version 17
VisualStudioVersion = 17.2.32630.192
MinimumVisualStudioVersion = 10.0.40219.1
Project("{FAE04EC0-301F-11D3-BF4B-00C04F79EFBC}") = "Proj_Company", "Proj_Company\Proj_Company.csproj", "{F5A374B2-44C1-46B0-8825-55BFB797FB13}"
	ProjectSection(ProjectDependencies) = postProject
		{04BDD89A-CB82-4EAA-A124-9726981F2B14} = {04BDD89A-CB82-4EAA-A124-9726981F2B14}
		{969ED5A7-2EA0-41BE-9C44-877F3E8A680B} = {969ED5A7-2EA0-41BE-9C44-877F3E8A680B}
		{CBBE0D8A-BEF7-42BB-9E31-21C7F13CEE28} = {CBBE0D8A-BEF7-42BB-9E31-21C7F13CEE28}
	EndProjectSection
EndProject
Project("{FAE04EC0-301F-11D3-BF4B-00C04F79EFBC}") = "Data", "Data\Data.csproj", "{969ED5A7-2EA0-41BE-9C44-877F3E8A680B}"
	ProjectSection(ProjectDependencies) = postProject
		{04BDD89A-CB82-4EAA-A124-9726981F2B14} = {04BDD89A-CB82-4EAA-A124-9726981F2B14}
	EndProjectSection
EndProject
Project("{FAE04EC0-301F-11D3-BF4B-00C04F79EFBC}") = "Services", "Services\Services.csproj", "{CBBE0D8A-BEF7-42BB-9E31-21C7F13CEE28}"
	ProjectSection(ProjectDependencies) = postProject
		{04BDD89A-CB82-4EAA-A124-9726981F2B14} = {04BDD89A-CB82-4EAA-A124-9726981F2B14}
		{969ED5A7-2EA0-41BE-9C44-877F3E8A680B} = {969ED5A7-2EA0-41BE-9C44-877F3E8A680B}
	EndProjectSection
EndProject
Project("{FAE04EC0-301F-11D3-BF4B-00C04F79EFBC}") = "Models", "Models\Models.csproj", "{04BDD89A-CB82-4EAA-A124-9726981F2B14}"
EndProject
Global
	GlobalSection(SolutionConfigurationPlatforms) = preSolution
		Debug|Any CPU = Debug|Any CPU
		Release|Any CPU = Release|Any CPU
	EndGlobalSection
	GlobalSection(ProjectConfigurationPlatforms) = postSolution
		{F5A374B2-44C1-46B0-8825-55BFB797FB13}.Debug|Any CPU.ActiveCfg = Debug|Any CPU
		{F5A374B2-44C1-46B0-8825-55BFB797FB13}.Debug|Any CPU.Build.0 = Debug|Any CPU
		{F5A374B2-44C1-46B0-8825-55BFB797FB13}.Release|Any CPU.ActiveCfg = Release|Any CPU
		{F5A374B2-44C1-46B0-8825-55BFB797FB13}.Release|Any CPU.Build.0 = Release|Any CPU
		{969ED5A7-2EA0-41BE-9C44-877F3E8A680B}.Debug|Any CPU.ActiveCfg = Debug|Any CPU
		{969ED5A7-2EA0-41BE-9C44-877F3E8A680B}.Debug|Any CPU.Build.0 = Debug|Any CPU
		{969ED5A7-2EA0-41BE-9C44-877F3E8A680B}.Release|Any CPU.ActiveCfg = Release|Any CPU
		{969ED5A7-2EA0-41BE-9C44-877F3E8A680B}.Release|Any CPU.Build.0 = Release|Any CPU
		{CBBE0D8A-BEF7-42BB-9E31-21C7F13CEE28}.Debug|Any CPU.ActiveCfg = Debug|Any CPU
		{CBBE0D8A-BEF7-42BB-9E31-21C7F13CEE28}.Debug|Any CPU.Build.0 = Debug|Any CPU
		{CBBE0D8A-BEF7-42BB-9E31-21C7F13CEE28}.Release|Any CPU.ActiveCfg = Release|Any CPU
		{CBBE0D8A-BEF7-42BB-9E31-21C7F13CEE28}.Release|Any CPU.Build.0 = Release|Any CPU
		{04BDD89A-CB82-4EAA-A124-9726981F2B14}.Debug|Any CPU.ActiveCfg = Debug|Any CPU
		{04BDD89A-CB82-4EAA-A124-9726981F2B14}.Debug|Any CPU.Build.0 = Debug|Any CPU
		{04BDD89A-CB82-4EAA-A124-9726981F2B14}.Release|Any CPU.ActiveCfg = Release|Any CPU
		{04BDD89A-CB82-4EAA-A124-9726981F2B14}.Release|Any CPU.Build.0 = Release|Any CPU
	EndGlobalSection
	GlobalSection(SolutionProperties) = preSolution
		HideSolutionNode = FALSE
	EndGlobalSection
	GlobalSection(ExtensibilityGlobals) = postSolution
		SolutionGuid = {0BA57348-4E55-4312-A786-C407018D71FC}
	EndGlobalSection
EndGlobal
